# THIS IS AN AUTOGENERATED FILE. DO NOT EDIT THIS FILE DIRECTLY.
# yarn lockfile v1


"@fortawesome/fontawesome-common-types@6.5.1":
  version "6.5.1"
  resolved "https://registry.yarnpkg.com/@fortawesome/fontawesome-common-types/-/fontawesome-common-types-6.5.1.tgz#fdb1ec4952b689f5f7aa0bffe46180bb35490032"
  integrity sha512-GkWzv+L6d2bI5f/Vk6ikJ9xtl7dfXtoRu3YGE6nq0p/FFqA1ebMOAWg3XgRyb0I6LYyYkiAo+3/KrwuBp8xG7A==

"@fortawesome/fontawesome-free@^6.4.2":
  version "6.5.1"
  resolved "https://registry.yarnpkg.com/@fortawesome/fontawesome-free/-/fontawesome-free-6.5.1.tgz#55cc8410abf1003b726324661ce5b0d1c10de258"
  integrity sha512-CNy5vSwN3fsUStPRLX7fUYojyuzoEMSXPl7zSLJ8TgtRfjv24LOnOWKT2zYwaHZCJGkdyRnTmstR0P+Ah503Gw==

"@fortawesome/fontawesome-svg-core@^6.4.2":
  version "6.5.1"
  resolved "https://registry.yarnpkg.com/@fortawesome/fontawesome-svg-core/-/fontawesome-svg-core-6.5.1.tgz#9d56d46bddad78a7ebb2043a97957039fcebcf0a"
  integrity sha512-MfRCYlQPXoLlpem+egxjfkEuP9UQswTrlCOsknus/NcMoblTH2g0jPrapbcIb04KGA7E2GZxbAccGZfWoYgsrQ==
  dependencies:
    "@fortawesome/fontawesome-common-types" "6.5.1"

"@fortawesome/free-brands-svg-icons@^6.4.2":
  version "6.5.1"
  resolved "https://registry.yarnpkg.com/@fortawesome/free-brands-svg-icons/-/free-brands-svg-icons-6.5.1.tgz#e948cc02404277cb8ad40fe3573ca75f2830e876"
  integrity sha512-093l7DAkx0aEtBq66Sf19MgoZewv1zeY9/4C7vSKPO4qMwEsW/2VYTUTpBtLwfb9T2R73tXaRDPmE4UqLCYHfg==
  dependencies:
    "@fortawesome/fontawesome-common-types" "6.5.1"

"@fortawesome/free-solid-svg-icons@^6.4.2":
  version "6.5.1"
  resolved "https://registry.yarnpkg.com/@fortawesome/free-solid-svg-icons/-/free-solid-svg-icons-6.5.1.tgz#737b8d787debe88b400ab7528f47be333031274a"
  integrity sha512-S1PPfU3mIJa59biTtXJz1oI0+KAXW6bkAb31XKhxdxtuXDiUIFsih4JR1v5BbxY7hVHsD1RKq+jRkVRaf773NQ==
  dependencies:
    "@fortawesome/fontawesome-common-types" "6.5.1"

three@^0.158.0:
  version "0.158.0"
  resolved "https://registry.yarnpkg.com/three/-/three-0.158.0.tgz#03ddd5b60ce9c31be8fb69f27a6d9efd49908ac3"
  integrity sha512-TALj4EOpdDPF1henk2Q+s17K61uEAAWQ7TJB68nr7FKxqwyDr3msOt5IWdbGm4TaWKjrtWS8DJJWe9JnvsWOhQ==

vanta@^0.5.24:
  version "0.5.24"
  resolved "https://registry.yarnpkg.com/vanta/-/vanta-0.5.24.tgz#46ec96b0b88cdcc57b7cee383e1d5f74bd3d4fb3"
  integrity sha512-fvieEbHy1ZS23zrcX+topzqAgA4Uct1enngOEWLFBgs9TtOf6RDFOYatH7KSVdrABzQDMCQ5myQy+nTSZZwLzg==
